
Microsoft Visual Studio Solution File, Format Version 12.00
# Visual Studio Version 16
VisualStudioVersion = 16.0.29025.244
MinimumVisualStudioVersion = 10.0.40219.1
Project("{FAE04EC0-301F-11D3-BF4B-00C04F79EFBC}") = "IC_TimeMaterial", "IC_TimeMaterial.csproj", "{8B89A228-DF33-40AE-87CD-E2D618A1A14E}"
EndProject
Global
	GlobalSection(SolutionConfigurationPlatforms) = preSolution
		Debug|Any CPU = Debug|Any CPU
		Release|Any CPU = Release|Any CPU
	EndGlobalSection
	GlobalSection(ProjectConfigurationPlatforms) = postSolution
		{8B89A228-DF33-40AE-87CD-E2D618A1A14E}.Debug|Any CPU.ActiveCfg = Debug|Any CPU
		{8B89A228-DF33-40AE-87CD-E2D618A1A14E}.Debug|Any CPU.Build.0 = Debug|Any CPU
		{8B89A228-DF33-40AE-87CD-E2D618A1A14E}.Release|Any CPU.ActiveCfg = Release|Any CPU
		{8B89A228-DF33-40AE-87CD-E2D618A1A14E}.Release|Any CPU.Build.0 = Release|Any CPU
	EndGlobalSection
	GlobalSection(SolutionProperties) = preSolution
		HideSolutionNode = FALSE
	EndGlobalSection
	GlobalSection(ExtensibilityGlobals) = postSolution
		SolutionGuid = {CDCE3337-7B55-4C21-A347-8253DC9B59AE}
	EndGlobalSection
EndGlobal
